
Microsoft Visual Studio Solution File, Format Version 12.00
# Visual Studio Version 17
VisualStudioVersion = 17.4.33213.308
MinimumVisualStudioVersion = 10.0.40219.1
Project("{FAE04EC0-301F-11D3-BF4B-00C04F79EFBC}") = "addressbook-web-tests", "addressbook-web-tests\addressbook-web-tests.csproj", "{1BC677F7-8EA9-4E15-834E-B21214B8A8A5}"
EndProject
Global
	GlobalSection(SolutionConfigurationPlatforms) = preSolution
		Debug|Any CPU = Debug|Any CPU
		Release|Any CPU = Release|Any CPU
	EndGlobalSection
	GlobalSection(ProjectConfigurationPlatforms) = postSolution
		{1BC677F7-8EA9-4E15-834E-B21214B8A8A5}.Debug|Any CPU.ActiveCfg = Debug|Any CPU
		{1BC677F7-8EA9-4E15-834E-B21214B8A8A5}.Debug|Any CPU.Build.0 = Debug|Any CPU
		{1BC677F7-8EA9-4E15-834E-B21214B8A8A5}.Release|Any CPU.ActiveCfg = Release|Any CPU
		{1BC677F7-8EA9-4E15-834E-B21214B8A8A5}.Release|Any CPU.Build.0 = Release|Any CPU
	EndGlobalSection
	GlobalSection(SolutionProperties) = preSolution
		HideSolutionNode = FALSE
	EndGlobalSection
	GlobalSection(ExtensibilityGlobals) = postSolution
		SolutionGuid = {C3406DFB-A875-451B-ABD6-2E3C7085EEEC}
	EndGlobalSection
EndGlobal
